# THIS IS AN AUTOGENERATED FILE. DO NOT EDIT THIS FILE DIRECTLY.
# yarn lockfile v1


bluebird@3.2.2:
  version "3.2.2"
  resolved "https://registry.yarnpkg.com/bluebird/-/bluebird-3.2.2.tgz#164347d3fcab21eca9db849b4b856bec96041051"
  integrity sha1-FkNH0/yrIeyp24SbS4Vr7JYEEFE=

case@1.4.2:
  version "1.4.2"
  resolved "https://registry.yarnpkg.com/case/-/case-1.4.2.tgz#9258a3cf01ca98fca140946e23495ce435825eb5"
  integrity sha1-klijzwHKmPyhQJRuI0lc5DWCXrU=

core-util-is@1.0.2:
  version "1.0.2"
  resolved "https://registry.yarnpkg.com/core-util-is/-/core-util-is-1.0.2.tgz#b5fd54220aa2bc5ab57aab7140c940754503c1a7"
  integrity sha1-tf1UIgqivFq1eqtxQMlAdUUDwac=

debug@2.3.3:
  version "2.3.3"
  resolved "https://registry.yarnpkg.com/debug/-/debug-2.3.3.tgz#40c453e67e6e13c901ddec317af8986cda9eff8c"
  integrity sha1-QMRT5n5uE8kB3ewxeviYbNqe/4w=
  dependencies:
    ms "0.7.2"

extsprintf@1.2.0:
  version "1.2.0"
  resolved "https://registry.yarnpkg.com/extsprintf/-/extsprintf-1.2.0.tgz#5ad946c22f5b32ba7f8cd7426711c6e8a3fc2529"
  integrity sha1-WtlGwi9bMrp/jNdCZxHG6KP8JSk=

ms@0.7.2:
  version "0.7.2"
  resolved "https://registry.yarnpkg.com/ms/-/ms-0.7.2.tgz#ae25cf2512b3885a1d95d7f037868d8431124765"
  integrity sha1-riXPJRKziFodldfwN4aNhDESR2U=

obd-parser@^0.3.0:
  version "0.3.0"
  resolved "https://registry.yarnpkg.com/obd-parser/-/obd-parser-0.3.0.tgz#242f0a46a783585000d2ca07c7bba0eb71ef07be"
  integrity sha1-JC8KRqeDWFAA0soHx7ug63HvB74=
  dependencies:
    bluebird "3.2.2"
    case "1.4.2"
    debug "2.3.3"
    ramda "0.22.1"
    verror "1.6.1"

ramda@0.22.1:
  version "0.22.1"
  resolved "https://registry.yarnpkg.com/ramda/-/ramda-0.22.1.tgz#031da0c3df417c5b33c96234757eb37033f36a0e"
  integrity sha1-Ax2gw99BfFszyWI0dX6zcDPzag4=

verror@1.6.1:
  version "1.6.1"
  resolved "https://registry.yarnpkg.com/verror/-/verror-1.6.1.tgz#236402060648c219d1162c2451d1c341a0e1c9ce"
  integrity sha1-I2QCBgZIwhnRFiwkUdHDQaDhyc4=
  dependencies:
    core-util-is "1.0.2"
    extsprintf "1.2.0"
